
Microsoft Visual Studio Solution File, Format Version 12.00
# Visual Studio Version 16
VisualStudioVersion = 16.0.30413.136
MinimumVisualStudioVersion = 10.0.40219.1
Project("{9092AA53-FB77-4645-B42D-1CCCA6BD08BD}") = "web_app", "web_app.njsproj", "{5E7FBA81-0B54-4098-912B-FDBA616B1221}"
EndProject
Global
	GlobalSection(SolutionConfigurationPlatforms) = preSolution
		Debug|Any CPU = Debug|Any CPU
		Release|Any CPU = Release|Any CPU
	EndGlobalSection
	GlobalSection(ProjectConfigurationPlatforms) = postSolution
		{5E7FBA81-0B54-4098-912B-FDBA616B1221}.Debug|Any CPU.ActiveCfg = Debug|Any CPU
		{5E7FBA81-0B54-4098-912B-FDBA616B1221}.Debug|Any CPU.Build.0 = Debug|Any CPU
		{5E7FBA81-0B54-4098-912B-FDBA616B1221}.Release|Any CPU.ActiveCfg = Release|Any CPU
		{5E7FBA81-0B54-4098-912B-FDBA616B1221}.Release|Any CPU.Build.0 = Release|Any CPU
	EndGlobalSection
	GlobalSection(SolutionProperties) = preSolution
		HideSolutionNode = FALSE
	EndGlobalSection
	GlobalSection(ExtensibilityGlobals) = postSolution
		SolutionGuid = {A129D9FE-23B8-476F-AABB-2B521581A584}
	EndGlobalSection
EndGlobal
